
Microsoft Visual Studio Solution File, Format Version 12.00
# Visual Studio Version 17
VisualStudioVersion = 17.9.34714.143
MinimumVisualStudioVersion = 10.0.40219.1
Project("{FAE04EC0-301F-11D3-BF4B-00C04F79EFBC}") = "Class04", "Class04\Class04.csproj", "{F1E6B78E-C07E-4C16-91FE-55067B1CA121}"
EndProject
Global
	GlobalSection(SolutionConfigurationPlatforms) = preSolution
		Debug|Any CPU = Debug|Any CPU
		Release|Any CPU = Release|Any CPU
	EndGlobalSection
	GlobalSection(ProjectConfigurationPlatforms) = postSolution
		{F1E6B78E-C07E-4C16-91FE-55067B1CA121}.Debug|Any CPU.ActiveCfg = Debug|Any CPU
		{F1E6B78E-C07E-4C16-91FE-55067B1CA121}.Debug|Any CPU.Build.0 = Debug|Any CPU
		{F1E6B78E-C07E-4C16-91FE-55067B1CA121}.Release|Any CPU.ActiveCfg = Release|Any CPU
		{F1E6B78E-C07E-4C16-91FE-55067B1CA121}.Release|Any CPU.Build.0 = Release|Any CPU
	EndGlobalSection
	GlobalSection(SolutionProperties) = preSolution
		HideSolutionNode = FALSE
	EndGlobalSection
	GlobalSection(ExtensibilityGlobals) = postSolution
		SolutionGuid = {6C602622-CFB2-43B8-B184-91E01D917E5B}
	EndGlobalSection
EndGlobal
