
Microsoft Visual Studio Solution File, Format Version 12.00
# Visual Studio Version 17
VisualStudioVersion = 17.8.34330.188
MinimumVisualStudioVersion = 10.0.40219.1
Project("{FAE04EC0-301F-11D3-BF4B-00C04F79EFBC}") = "PizzaApp", "PizzaApp\PizzaApp.csproj", "{502304D5-72FC-4197-8660-1B781BB54362}"
EndProject
Global
	GlobalSection(SolutionConfigurationPlatforms) = preSolution
		Debug|Any CPU = Debug|Any CPU
		Release|Any CPU = Release|Any CPU
	EndGlobalSection
	GlobalSection(ProjectConfigurationPlatforms) = postSolution
		{502304D5-72FC-4197-8660-1B781BB54362}.Debug|Any CPU.ActiveCfg = Debug|Any CPU
		{502304D5-72FC-4197-8660-1B781BB54362}.Debug|Any CPU.Build.0 = Debug|Any CPU
		{502304D5-72FC-4197-8660-1B781BB54362}.Release|Any CPU.ActiveCfg = Release|Any CPU
		{502304D5-72FC-4197-8660-1B781BB54362}.Release|Any CPU.Build.0 = Release|Any CPU
	EndGlobalSection
	GlobalSection(SolutionProperties) = preSolution
		HideSolutionNode = FALSE
	EndGlobalSection
	GlobalSection(ExtensibilityGlobals) = postSolution
		SolutionGuid = {DA964E5B-2CC1-44F2-8757-8D766B0C3877}
	EndGlobalSection
EndGlobal
