
Microsoft Visual Studio Solution File, Format Version 12.00
# Visual Studio Version 17
VisualStudioVersion = 17.2.32630.192
MinimumVisualStudioVersion = 10.0.40219.1
Project("{FAE04EC0-301F-11D3-BF4B-00C04F79EFBC}") = "Class04.View", "Class04.View\Class04.View.csproj", "{F4B32CAD-2AE4-4D89-A606-30088A4DE141}"
EndProject
Global
	GlobalSection(SolutionConfigurationPlatforms) = preSolution
		Debug|Any CPU = Debug|Any CPU
		Release|Any CPU = Release|Any CPU
	EndGlobalSection
	GlobalSection(ProjectConfigurationPlatforms) = postSolution
		{F4B32CAD-2AE4-4D89-A606-30088A4DE141}.Debug|Any CPU.ActiveCfg = Debug|Any CPU
		{F4B32CAD-2AE4-4D89-A606-30088A4DE141}.Debug|Any CPU.Build.0 = Debug|Any CPU
		{F4B32CAD-2AE4-4D89-A606-30088A4DE141}.Release|Any CPU.ActiveCfg = Release|Any CPU
		{F4B32CAD-2AE4-4D89-A606-30088A4DE141}.Release|Any CPU.Build.0 = Release|Any CPU
	EndGlobalSection
	GlobalSection(SolutionProperties) = preSolution
		HideSolutionNode = FALSE
	EndGlobalSection
	GlobalSection(ExtensibilityGlobals) = postSolution
		SolutionGuid = {1FD440CD-A1B0-4357-B244-8659E3E33502}
	EndGlobalSection
EndGlobal
