
Microsoft Visual Studio Solution File, Format Version 12.00
# Visual Studio Version 17
VisualStudioVersion = 17.9.34728.123
MinimumVisualStudioVersion = 10.0.40219.1
Project("{FAE04EC0-301F-11D3-BF4B-00C04F79EFBC}") = "Class03.DemoApp", "Class03.DemoApp\Class03.DemoApp.csproj", "{335586AC-74A3-4733-B2FF-52CB2A2248D0}"
EndProject
Global
	GlobalSection(SolutionConfigurationPlatforms) = preSolution
		Debug|Any CPU = Debug|Any CPU
		Release|Any CPU = Release|Any CPU
	EndGlobalSection
	GlobalSection(ProjectConfigurationPlatforms) = postSolution
		{335586AC-74A3-4733-B2FF-52CB2A2248D0}.Debug|Any CPU.ActiveCfg = Debug|Any CPU
		{335586AC-74A3-4733-B2FF-52CB2A2248D0}.Debug|Any CPU.Build.0 = Debug|Any CPU
		{335586AC-74A3-4733-B2FF-52CB2A2248D0}.Release|Any CPU.ActiveCfg = Release|Any CPU
		{335586AC-74A3-4733-B2FF-52CB2A2248D0}.Release|Any CPU.Build.0 = Release|Any CPU
	EndGlobalSection
	GlobalSection(SolutionProperties) = preSolution
		HideSolutionNode = FALSE
	EndGlobalSection
	GlobalSection(ExtensibilityGlobals) = postSolution
		SolutionGuid = {7AA138D5-ABE7-4CC7-A06E-AA3CD8CFDC45}
	EndGlobalSection
EndGlobal
