
Microsoft Visual Studio Solution File, Format Version 12.00
# Visual Studio Version 17
VisualStudioVersion = 17.9.34701.34
MinimumVisualStudioVersion = 10.0.40219.1
Project("{FAE04EC0-301F-11D3-BF4B-00C04F79EFBC}") = "FirstApp", "FirstApp\FirstApp.csproj", "{34A4CDBE-7B5E-4E94-8139-4A0BCB926045}"
EndProject
Global
	GlobalSection(SolutionConfigurationPlatforms) = preSolution
		Debug|Any CPU = Debug|Any CPU
		Release|Any CPU = Release|Any CPU
	EndGlobalSection
	GlobalSection(ProjectConfigurationPlatforms) = postSolution
		{34A4CDBE-7B5E-4E94-8139-4A0BCB926045}.Debug|Any CPU.ActiveCfg = Debug|Any CPU
		{34A4CDBE-7B5E-4E94-8139-4A0BCB926045}.Debug|Any CPU.Build.0 = Debug|Any CPU
		{34A4CDBE-7B5E-4E94-8139-4A0BCB926045}.Release|Any CPU.ActiveCfg = Release|Any CPU
		{34A4CDBE-7B5E-4E94-8139-4A0BCB926045}.Release|Any CPU.Build.0 = Release|Any CPU
	EndGlobalSection
	GlobalSection(SolutionProperties) = preSolution
		HideSolutionNode = FALSE
	EndGlobalSection
	GlobalSection(ExtensibilityGlobals) = postSolution
		SolutionGuid = {354AA941-A281-45E2-8539-5BD851D3258D}
	EndGlobalSection
EndGlobal
