
Microsoft Visual Studio Solution File, Format Version 12.00
# Visual Studio Version 17
VisualStudioVersion = 17.9.34701.34
MinimumVisualStudioVersion = 10.0.40219.1
Project("{FAE04EC0-301F-11D3-BF4B-00C04F79EFBC}") = "Class04_DemoApp", "Class04_DemoApp\Class04_DemoApp.csproj", "{B2E0A55F-779F-4E65-B542-7FDCD33F777D}"
EndProject
Project("{FAE04EC0-301F-11D3-BF4B-00C04F79EFBC}") = "ViewModels", "ViewModels\ViewModels.csproj", "{445611B4-7E7C-4CA0-B9EF-17052B791753}"
EndProject
Global
	GlobalSection(SolutionConfigurationPlatforms) = preSolution
		Debug|Any CPU = Debug|Any CPU
		Release|Any CPU = Release|Any CPU
	EndGlobalSection
	GlobalSection(ProjectConfigurationPlatforms) = postSolution
		{B2E0A55F-779F-4E65-B542-7FDCD33F777D}.Debug|Any CPU.ActiveCfg = Debug|Any CPU
		{B2E0A55F-779F-4E65-B542-7FDCD33F777D}.Debug|Any CPU.Build.0 = Debug|Any CPU
		{B2E0A55F-779F-4E65-B542-7FDCD33F777D}.Release|Any CPU.ActiveCfg = Release|Any CPU
		{B2E0A55F-779F-4E65-B542-7FDCD33F777D}.Release|Any CPU.Build.0 = Release|Any CPU
		{445611B4-7E7C-4CA0-B9EF-17052B791753}.Debug|Any CPU.ActiveCfg = Debug|Any CPU
		{445611B4-7E7C-4CA0-B9EF-17052B791753}.Debug|Any CPU.Build.0 = Debug|Any CPU
		{445611B4-7E7C-4CA0-B9EF-17052B791753}.Release|Any CPU.ActiveCfg = Release|Any CPU
		{445611B4-7E7C-4CA0-B9EF-17052B791753}.Release|Any CPU.Build.0 = Release|Any CPU
	EndGlobalSection
	GlobalSection(SolutionProperties) = preSolution
		HideSolutionNode = FALSE
	EndGlobalSection
	GlobalSection(ExtensibilityGlobals) = postSolution
		SolutionGuid = {091BDA90-F251-4D6B-9F78-7F86F38F12A7}
	EndGlobalSection
EndGlobal
