
Microsoft Visual Studio Solution File, Format Version 12.00
# Visual Studio Version 17
VisualStudioVersion = 17.9.34714.143
MinimumVisualStudioVersion = 10.0.40219.1
Project("{FAE04EC0-301F-11D3-BF4B-00C04F79EFBC}") = "Class05", "Class05\Class05.csproj", "{F8C420D4-D6B8-45FC-B3C4-4130D2E17370}"
EndProject
Global
	GlobalSection(SolutionConfigurationPlatforms) = preSolution
		Debug|Any CPU = Debug|Any CPU
		Release|Any CPU = Release|Any CPU
	EndGlobalSection
	GlobalSection(ProjectConfigurationPlatforms) = postSolution
		{F8C420D4-D6B8-45FC-B3C4-4130D2E17370}.Debug|Any CPU.ActiveCfg = Debug|Any CPU
		{F8C420D4-D6B8-45FC-B3C4-4130D2E17370}.Debug|Any CPU.Build.0 = Debug|Any CPU
		{F8C420D4-D6B8-45FC-B3C4-4130D2E17370}.Release|Any CPU.ActiveCfg = Release|Any CPU
		{F8C420D4-D6B8-45FC-B3C4-4130D2E17370}.Release|Any CPU.Build.0 = Release|Any CPU
	EndGlobalSection
	GlobalSection(SolutionProperties) = preSolution
		HideSolutionNode = FALSE
	EndGlobalSection
	GlobalSection(ExtensibilityGlobals) = postSolution
		SolutionGuid = {F308C4DB-1D59-4EDE-85C1-D8ABB9773965}
	EndGlobalSection
EndGlobal
