
Microsoft Visual Studio Solution File, Format Version 12.00
# Visual Studio Version 17
VisualStudioVersion = 17.9.34714.143
MinimumVisualStudioVersion = 10.0.40219.1
Project("{FAE04EC0-301F-11D3-BF4B-00C04F79EFBC}") = "Class03_Models", "Class03_Models\Class03_Models.csproj", "{F93F1049-3B85-4710-A14B-F7C82477FA4A}"
EndProject
Global
	GlobalSection(SolutionConfigurationPlatforms) = preSolution
		Debug|Any CPU = Debug|Any CPU
		Release|Any CPU = Release|Any CPU
	EndGlobalSection
	GlobalSection(ProjectConfigurationPlatforms) = postSolution
		{F93F1049-3B85-4710-A14B-F7C82477FA4A}.Debug|Any CPU.ActiveCfg = Debug|Any CPU
		{F93F1049-3B85-4710-A14B-F7C82477FA4A}.Debug|Any CPU.Build.0 = Debug|Any CPU
		{F93F1049-3B85-4710-A14B-F7C82477FA4A}.Release|Any CPU.ActiveCfg = Release|Any CPU
		{F93F1049-3B85-4710-A14B-F7C82477FA4A}.Release|Any CPU.Build.0 = Release|Any CPU
	EndGlobalSection
	GlobalSection(SolutionProperties) = preSolution
		HideSolutionNode = FALSE
	EndGlobalSection
	GlobalSection(ExtensibilityGlobals) = postSolution
		SolutionGuid = {E2B7A399-BBA7-43FB-A542-056B923BFD20}
	EndGlobalSection
EndGlobal
