
Microsoft Visual Studio Solution File, Format Version 12.00
# Visual Studio Version 17
VisualStudioVersion = 17.9.34701.34
MinimumVisualStudioVersion = 10.0.40219.1
Project("{FAE04EC0-301F-11D3-BF4B-00C04F79EFBC}") = "PizzaApp", "PizzaApp\PizzaApp.csproj", "{90EFEA58-7843-4958-9A8D-7B23AC6D56D9}"
EndProject
Project("{FAE04EC0-301F-11D3-BF4B-00C04F79EFBC}") = "DomainModels", "DomainModels\DomainModels.csproj", "{8DD28A6E-3726-446A-8A0A-BB089B520342}"
EndProject
Global
	GlobalSection(SolutionConfigurationPlatforms) = preSolution
		Debug|Any CPU = Debug|Any CPU
		Release|Any CPU = Release|Any CPU
	EndGlobalSection
	GlobalSection(ProjectConfigurationPlatforms) = postSolution
		{90EFEA58-7843-4958-9A8D-7B23AC6D56D9}.Debug|Any CPU.ActiveCfg = Debug|Any CPU
		{90EFEA58-7843-4958-9A8D-7B23AC6D56D9}.Debug|Any CPU.Build.0 = Debug|Any CPU
		{90EFEA58-7843-4958-9A8D-7B23AC6D56D9}.Release|Any CPU.ActiveCfg = Release|Any CPU
		{90EFEA58-7843-4958-9A8D-7B23AC6D56D9}.Release|Any CPU.Build.0 = Release|Any CPU
		{8DD28A6E-3726-446A-8A0A-BB089B520342}.Debug|Any CPU.ActiveCfg = Debug|Any CPU
		{8DD28A6E-3726-446A-8A0A-BB089B520342}.Debug|Any CPU.Build.0 = Debug|Any CPU
		{8DD28A6E-3726-446A-8A0A-BB089B520342}.Release|Any CPU.ActiveCfg = Release|Any CPU
		{8DD28A6E-3726-446A-8A0A-BB089B520342}.Release|Any CPU.Build.0 = Release|Any CPU
	EndGlobalSection
	GlobalSection(SolutionProperties) = preSolution
		HideSolutionNode = FALSE
	EndGlobalSection
	GlobalSection(ExtensibilityGlobals) = postSolution
		SolutionGuid = {F577A362-E645-40A5-9D73-861537126F01}
	EndGlobalSection
EndGlobal
