
Microsoft Visual Studio Solution File, Format Version 12.00
# Visual Studio Version 17
VisualStudioVersion = 17.9.34902.65
MinimumVisualStudioVersion = 10.0.40219.1
Project("{FAE04EC0-301F-11D3-BF4B-00C04F79EFBC}") = "Class07Demo.App", "Class07Demo.App\Class07Demo.App.csproj", "{0EBB11EC-1123-4B8E-A961-76FC19587547}"
EndProject
Global
	GlobalSection(SolutionConfigurationPlatforms) = preSolution
		Debug|Any CPU = Debug|Any CPU
		Release|Any CPU = Release|Any CPU
	EndGlobalSection
	GlobalSection(ProjectConfigurationPlatforms) = postSolution
		{0EBB11EC-1123-4B8E-A961-76FC19587547}.Debug|Any CPU.ActiveCfg = Debug|Any CPU
		{0EBB11EC-1123-4B8E-A961-76FC19587547}.Debug|Any CPU.Build.0 = Debug|Any CPU
		{0EBB11EC-1123-4B8E-A961-76FC19587547}.Release|Any CPU.ActiveCfg = Release|Any CPU
		{0EBB11EC-1123-4B8E-A961-76FC19587547}.Release|Any CPU.Build.0 = Release|Any CPU
	EndGlobalSection
	GlobalSection(SolutionProperties) = preSolution
		HideSolutionNode = FALSE
	EndGlobalSection
	GlobalSection(ExtensibilityGlobals) = postSolution
		SolutionGuid = {AC6C8AB9-E4F8-4802-A3C0-7C9C92F1F671}
	EndGlobalSection
EndGlobal
